
Microsoft Visual Studio Solution File, Format Version 12.00
# Visual Studio Version 17
VisualStudioVersion = 17.9.34728.123
MinimumVisualStudioVersion = 10.0.40219.1
Project("{8BC9CEB8-8B4A-11D0-8D11-00A0C91BC942}") = "P32_C++", "P32_C++\P32_C++.vcxproj", "{EAB0A885-6DDF-42CC-908C-149965D15D2A}"
EndProject
Project("{8BC9CEB8-8B4A-11D0-8D11-00A0C91BC942}") = "DZ", "DZ\DZ.vcxproj", "{9C814B60-8625-46BE-BB0F-E28A15D9514A}"
EndProject
Global
	GlobalSection(SolutionConfigurationPlatforms) = preSolution
		Debug|x64 = Debug|x64
		Debug|x86 = Debug|x86
		Release|x64 = Release|x64
		Release|x86 = Release|x86
	EndGlobalSection
	GlobalSection(ProjectConfigurationPlatforms) = postSolution
		{EAB0A885-6DDF-42CC-908C-149965D15D2A}.Debug|x64.ActiveCfg = Debug|x64
		{EAB0A885-6DDF-42CC-908C-149965D15D2A}.Debug|x64.Build.0 = Debug|x64
		{EAB0A885-6DDF-42CC-908C-149965D15D2A}.Debug|x86.ActiveCfg = Debug|Win32
		{EAB0A885-6DDF-42CC-908C-149965D15D2A}.Debug|x86.Build.0 = Debug|Win32
		{EAB0A885-6DDF-42CC-908C-149965D15D2A}.Release|x64.ActiveCfg = Release|x64
		{EAB0A885-6DDF-42CC-908C-149965D15D2A}.Release|x64.Build.0 = Release|x64
		{EAB0A885-6DDF-42CC-908C-149965D15D2A}.Release|x86.ActiveCfg = Release|Win32
		{EAB0A885-6DDF-42CC-908C-149965D15D2A}.Release|x86.Build.0 = Release|Win32
		{9C814B60-8625-46BE-BB0F-E28A15D9514A}.Debug|x64.ActiveCfg = Debug|x64
		{9C814B60-8625-46BE-BB0F-E28A15D9514A}.Debug|x64.Build.0 = Debug|x64
		{9C814B60-8625-46BE-BB0F-E28A15D9514A}.Debug|x86.ActiveCfg = Debug|Win32
		{9C814B60-8625-46BE-BB0F-E28A15D9514A}.Debug|x86.Build.0 = Debug|Win32
		{9C814B60-8625-46BE-BB0F-E28A15D9514A}.Release|x64.ActiveCfg = Release|x64
		{9C814B60-8625-46BE-BB0F-E28A15D9514A}.Release|x64.Build.0 = Release|x64
		{9C814B60-8625-46BE-BB0F-E28A15D9514A}.Release|x86.ActiveCfg = Release|Win32
		{9C814B60-8625-46BE-BB0F-E28A15D9514A}.Release|x86.Build.0 = Release|Win32
	EndGlobalSection
	GlobalSection(SolutionProperties) = preSolution
		HideSolutionNode = FALSE
	EndGlobalSection
	GlobalSection(ExtensibilityGlobals) = postSolution
		SolutionGuid = {C1140352-3EA5-4CC5-88B0-478D8BFC20E7}
	EndGlobalSection
EndGlobal
